{
  "name": "@npmuserhahaha/medium-common",
  "version": "1.0.8",
  "lockfileVersion": 3,
  "requires": true,
  "packages": {
    "": {
      "name": "@npmuserhahaha/medium-common",
      "version": "1.0.8",
      "license": "ISC",
      "dependencies": {
        "@npmuserhahaha/medium-common": "^1.0.8",
        "zod": "^3.23.8"
      }
    },
    "node_modules/@npmuserhahaha/medium-common": {
      "version": "1.0.8",
      "resolved": "https://registry.npmjs.org/@npmuserhahaha/medium-common/-/medium-common-1.0.8.tgz",
      "integrity": "sha512-Q0S3+LseO2yZkJewQ5SAgUW1eVAzK/NuTnlY5H57lPORvMac55KFWRQx0B3iLw1LYpMcIlB8UtKyXzGa0YC6dw==",
      "dependencies": {
        "zod": "^3.23.8"
      }
    },
    "node_modules/zod": {
      "version": "3.23.8",
      "license": "MIT",
      "funding": {
        "url": "https://github.com/sponsors/colinhacks"
      }
    }
  }
}
